
Microsoft Visual Studio Solution File, Format Version 12.00
# Visual Studio Version 17
VisualStudioVersion = 17.8.34525.116
MinimumVisualStudioVersion = 10.0.40219.1
Project("{FAE04EC0-301F-11D3-BF4B-00C04F79EFBC}") = "perimetro", "perimetro.csproj", "{430B5192-E3BE-4E83-9550-55DD25F2EE1D}"
EndProject
Global
	GlobalSection(SolutionConfigurationPlatforms) = preSolution
		Debug|Any CPU = Debug|Any CPU
		Release|Any CPU = Release|Any CPU
	EndGlobalSection
	GlobalSection(ProjectConfigurationPlatforms) = postSolution
		{430B5192-E3BE-4E83-9550-55DD25F2EE1D}.Debug|Any CPU.ActiveCfg = Debug|Any CPU
		{430B5192-E3BE-4E83-9550-55DD25F2EE1D}.Debug|Any CPU.Build.0 = Debug|Any CPU
		{430B5192-E3BE-4E83-9550-55DD25F2EE1D}.Release|Any CPU.ActiveCfg = Release|Any CPU
		{430B5192-E3BE-4E83-9550-55DD25F2EE1D}.Release|Any CPU.Build.0 = Release|Any CPU
	EndGlobalSection
	GlobalSection(SolutionProperties) = preSolution
		HideSolutionNode = FALSE
	EndGlobalSection
	GlobalSection(ExtensibilityGlobals) = postSolution
		SolutionGuid = {2CCF08F8-9491-4DCC-A9D8-793E2BA6E1E4}
	EndGlobalSection
EndGlobal
